
Microsoft Visual Studio Solution File, Format Version 12.00
# Visual Studio Version 17
VisualStudioVersion = 17.0.31903.59
MinimumVisualStudioVersion = 10.0.40219.1
Project("{2150E333-8FDC-42A3-9474-1A3956D46DE8}") = "src", "src", "{827E0CD3-B72D-47B6-A68D-7590B98EB39B}"
EndProject
Project("{2150E333-8FDC-42A3-9474-1A3956D46DE8}") = "Api", "Api", "{81034408-37C8-1011-444E-4C15C2FADA8E}"
EndProject
Project("{FAE04EC0-301F-11D3-BF4B-00C04F79EFBC}") = "Netemplate.Api", "src\Api\Netemplate.Api.csproj", "{0C5EAE1D-7FBB-4D97-B010-BFB3BE86E80E}"
EndProject
Project("{2150E333-8FDC-42A3-9474-1A3956D46DE8}") = "Application", "Application", "{22BAF98C-8415-17C4-B26A-D537657BC863}"
EndProject
Project("{FAE04EC0-301F-11D3-BF4B-00C04F79EFBC}") = "Netemplate.Application", "src\Application\Netemplate.Application.csproj", "{991ACB28-4B12-4EB2-BC4E-E29E17905FE0}"
EndProject
Project("{2150E333-8FDC-42A3-9474-1A3956D46DE8}") = "Domain", "Domain", "{8B290487-4C16-E85E-E807-F579CBE9FC4D}"
EndProject
Project("{FAE04EC0-301F-11D3-BF4B-00C04F79EFBC}") = "Netemplate.Domain", "src\Domain\Netemplate.Domain.csproj", "{F9A4B936-11D1-44F2-9F5D-32862EDE7D81}"
EndProject
Project("{2150E333-8FDC-42A3-9474-1A3956D46DE8}") = "Infrastructure.Persistence.Postgres", "Infrastructure.Persistence.Postgres", "{1B29F126-501C-FE51-A6D0-D5FF3F5B6B88}"
EndProject
Project("{FAE04EC0-301F-11D3-BF4B-00C04F79EFBC}") = "Netemplate.Infrastructure.Persistence.Postgres", "src\Infrastructure.Persistence.Postgres\Netemplate.Infrastructure.Persistence.Postgres.csproj", "{1030AB44-5D82-40B2-93FB-4373450D03B8}"
EndProject
Project("{2150E333-8FDC-42A3-9474-1A3956D46DE8}") = "Infrastructure.Cache.Redis", "Infrastructure.Cache.Redis", "{DBA10932-2823-8A01-039E-7E6F9102AF4A}"
EndProject
Project("{FAE04EC0-301F-11D3-BF4B-00C04F79EFBC}") = "Netemplate.Infrastructure.Cache.Redis", "src\Infrastructure.Cache.Redis\Netemplate.Infrastructure.Cache.Redis.csproj", "{FA57F754-0E26-41EF-A57D-0534FB8E3812}"
EndProject
Project("{2150E333-8FDC-42A3-9474-1A3956D46DE8}") = "Infrastructure.Messaging.RabbitMq", "Infrastructure.Messaging.RabbitMq", "{FA4F51A9-EB4F-E1CB-A409-D9033824FD90}"
EndProject
Project("{FAE04EC0-301F-11D3-BF4B-00C04F79EFBC}") = "Netemplate.Infrastructure.Messaging.RabbitMq", "src\Infrastructure.Messaging.RabbitMq\Netemplate.Infrastructure.Messaging.RabbitMq.csproj", "{B4025EA9-613D-404B-9992-4719CA3EE316}"
EndProject
Project("{2150E333-8FDC-42A3-9474-1A3956D46DE8}") = "Infrastructure.Auth.Jwt", "Infrastructure.Auth.Jwt", "{E5667835-88F2-81C9-89B8-F4D8A5E9FB12}"
EndProject
Project("{FAE04EC0-301F-11D3-BF4B-00C04F79EFBC}") = "Netemplate.Infrastructure.Auth.Jwt", "src\Infrastructure.Auth.Jwt\Netemplate.Infrastructure.Auth.Jwt.csproj", "{BF8ED4BA-F595-413E-B1FA-FDC9B7F1C3EA}"
EndProject
Project("{2150E333-8FDC-42A3-9474-1A3956D46DE8}") = "tests", "tests", "{0AB3BF05-4346-4AA6-1389-037BE0695223}"
EndProject
Project("{FAE04EC0-301F-11D3-BF4B-00C04F79EFBC}") = "Netemplate.Domain.Tests", "tests\Netemplate.Domain.Tests\Netemplate.Domain.Tests.csproj", "{F97D55D8-A4FF-4DAA-AD64-70C0F1197AEA}"
EndProject
Project("{FAE04EC0-301F-11D3-BF4B-00C04F79EFBC}") = "Netemplate.Api.IntegrationTests", "tests\Netemplate.Api.IntegrationTests\Netemplate.Api.IntegrationTests.csproj", "{98C0DE4F-9C9E-4573-9955-99C8D873B615}"
EndProject
Project("{2150E333-8FDC-42A3-9474-1A3956D46DE8}") = "Infrastructure.Policies", "Infrastructure.Policies", "{768E0702-8F95-B5A3-6D40-2D08A8E1CCFF}"
EndProject
Project("{FAE04EC0-301F-11D3-BF4B-00C04F79EFBC}") = "Netemplate.Infrastructure.Policies", "src\Infrastructure.Policies\Netemplate.Infrastructure.Policies.csproj", "{F2EABA57-114A-401A-B02C-D2BDBD29C6DB}"
EndProject
Project("{FAE04EC0-301F-11D3-BF4B-00C04F79EFBC}") = "Netemplate.Infrastructure.Policies.Tests", "tests\Netemplate.Infrastructure.Policies.Tests\Netemplate.Infrastructure.Policies.Tests.csproj", "{1501FF10-49C9-4256-BB5D-203C5FA52501}"
EndProject
Project("{FAE04EC0-301F-11D3-BF4B-00C04F79EFBC}") = "Netemplate.Infrastructure.Messaging.RabbitMq.Tests", "tests\Netemplate.Infrastructure.Messaging.RabbitMq.Tests\Netemplate.Infrastructure.Messaging.RabbitMq.Tests.csproj", "{B3CD2C47-240E-4732-8582-7C9E2DFFAB98}"
EndProject
Project("{FAE04EC0-301F-11D3-BF4B-00C04F79EFBC}") = "Netemplate.Infrastructure.Resilience.Tests", "tests\Netemplate.Infrastructure.Resilience.Tests\Netemplate.Infrastructure.Resilience.Tests.csproj", "{07904782-2B1E-49B6-BC6C-80D031F6C066}"
EndProject
Project("{FAE04EC0-301F-11D3-BF4B-00C04F79EFBC}") = "Netemplate.Infrastructure.Persistence.Postgres.Tests", "tests\Netemplate.Infrastructure.Persistence.Postgres.Tests\Netemplate.Infrastructure.Persistence.Postgres.Tests.csproj", "{8FBFCC12-7668-4575-8D36-B8A5F775521D}"
EndProject
Project("{FAE04EC0-301F-11D3-BF4B-00C04F79EFBC}") = "Netemplate.Infrastructure.FeatureFlags", "src\Netemplate.Infrastructure.FeatureFlags\Netemplate.Infrastructure.FeatureFlags.csproj", "{477774B8-E254-4006-AF78-C1C7C80D8D74}"
EndProject
Project("{FAE04EC0-301F-11D3-BF4B-00C04F79EFBC}") = "Netemplate.Infrastructure.FeatureFlags.Tests", "tests\Netemplate.Infrastructure.FeatureFlags.Tests\Netemplate.Infrastructure.FeatureFlags.Tests.csproj", "{B1E2FE40-C5C3-471D-8859-3101BDBE69DC}"
EndProject
Global
	GlobalSection(SolutionConfigurationPlatforms) = preSolution
		Debug|Any CPU = Debug|Any CPU
		Debug|x64 = Debug|x64
		Debug|x86 = Debug|x86
		Release|Any CPU = Release|Any CPU
		Release|x64 = Release|x64
		Release|x86 = Release|x86
	EndGlobalSection
	GlobalSection(ProjectConfigurationPlatforms) = postSolution
		{0C5EAE1D-7FBB-4D97-B010-BFB3BE86E80E}.Debug|Any CPU.ActiveCfg = Debug|Any CPU
		{0C5EAE1D-7FBB-4D97-B010-BFB3BE86E80E}.Debug|Any CPU.Build.0 = Debug|Any CPU
		{0C5EAE1D-7FBB-4D97-B010-BFB3BE86E80E}.Debug|x64.ActiveCfg = Debug|Any CPU
		{0C5EAE1D-7FBB-4D97-B010-BFB3BE86E80E}.Debug|x64.Build.0 = Debug|Any CPU
		{0C5EAE1D-7FBB-4D97-B010-BFB3BE86E80E}.Debug|x86.ActiveCfg = Debug|Any CPU
		{0C5EAE1D-7FBB-4D97-B010-BFB3BE86E80E}.Debug|x86.Build.0 = Debug|Any CPU
		{0C5EAE1D-7FBB-4D97-B010-BFB3BE86E80E}.Release|Any CPU.ActiveCfg = Release|Any CPU
		{0C5EAE1D-7FBB-4D97-B010-BFB3BE86E80E}.Release|Any CPU.Build.0 = Release|Any CPU
		{0C5EAE1D-7FBB-4D97-B010-BFB3BE86E80E}.Release|x64.ActiveCfg = Release|Any CPU
		{0C5EAE1D-7FBB-4D97-B010-BFB3BE86E80E}.Release|x64.Build.0 = Release|Any CPU
		{0C5EAE1D-7FBB-4D97-B010-BFB3BE86E80E}.Release|x86.ActiveCfg = Release|Any CPU
		{0C5EAE1D-7FBB-4D97-B010-BFB3BE86E80E}.Release|x86.Build.0 = Release|Any CPU
		{991ACB28-4B12-4EB2-BC4E-E29E17905FE0}.Debug|Any CPU.ActiveCfg = Debug|Any CPU
		{991ACB28-4B12-4EB2-BC4E-E29E17905FE0}.Debug|Any CPU.Build.0 = Debug|Any CPU
		{991ACB28-4B12-4EB2-BC4E-E29E17905FE0}.Debug|x64.ActiveCfg = Debug|Any CPU
		{991ACB28-4B12-4EB2-BC4E-E29E17905FE0}.Debug|x64.Build.0 = Debug|Any CPU
		{991ACB28-4B12-4EB2-BC4E-E29E17905FE0}.Debug|x86.ActiveCfg = Debug|Any CPU
		{991ACB28-4B12-4EB2-BC4E-E29E17905FE0}.Debug|x86.Build.0 = Debug|Any CPU
		{991ACB28-4B12-4EB2-BC4E-E29E17905FE0}.Release|Any CPU.ActiveCfg = Release|Any CPU
		{991ACB28-4B12-4EB2-BC4E-E29E17905FE0}.Release|Any CPU.Build.0 = Release|Any CPU
		{991ACB28-4B12-4EB2-BC4E-E29E17905FE0}.Release|x64.ActiveCfg = Release|Any CPU
		{991ACB28-4B12-4EB2-BC4E-E29E17905FE0}.Release|x64.Build.0 = Release|Any CPU
		{991ACB28-4B12-4EB2-BC4E-E29E17905FE0}.Release|x86.ActiveCfg = Release|Any CPU
		{991ACB28-4B12-4EB2-BC4E-E29E17905FE0}.Release|x86.Build.0 = Release|Any CPU
		{F9A4B936-11D1-44F2-9F5D-32862EDE7D81}.Debug|Any CPU.ActiveCfg = Debug|Any CPU
		{F9A4B936-11D1-44F2-9F5D-32862EDE7D81}.Debug|Any CPU.Build.0 = Debug|Any CPU
		{F9A4B936-11D1-44F2-9F5D-32862EDE7D81}.Debug|x64.ActiveCfg = Debug|Any CPU
		{F9A4B936-11D1-44F2-9F5D-32862EDE7D81}.Debug|x64.Build.0 = Debug|Any CPU
		{F9A4B936-11D1-44F2-9F5D-32862EDE7D81}.Debug|x86.ActiveCfg = Debug|Any CPU
		{F9A4B936-11D1-44F2-9F5D-32862EDE7D81}.Debug|x86.Build.0 = Debug|Any CPU
		{F9A4B936-11D1-44F2-9F5D-32862EDE7D81}.Release|Any CPU.ActiveCfg = Release|Any CPU
		{F9A4B936-11D1-44F2-9F5D-32862EDE7D81}.Release|Any CPU.Build.0 = Release|Any CPU
		{F9A4B936-11D1-44F2-9F5D-32862EDE7D81}.Release|x64.ActiveCfg = Release|Any CPU
		{F9A4B936-11D1-44F2-9F5D-32862EDE7D81}.Release|x64.Build.0 = Release|Any CPU
		{F9A4B936-11D1-44F2-9F5D-32862EDE7D81}.Release|x86.ActiveCfg = Release|Any CPU
		{F9A4B936-11D1-44F2-9F5D-32862EDE7D81}.Release|x86.Build.0 = Release|Any CPU
		{1030AB44-5D82-40B2-93FB-4373450D03B8}.Debug|Any CPU.ActiveCfg = Debug|Any CPU
		{1030AB44-5D82-40B2-93FB-4373450D03B8}.Debug|Any CPU.Build.0 = Debug|Any CPU
		{1030AB44-5D82-40B2-93FB-4373450D03B8}.Debug|x64.ActiveCfg = Debug|Any CPU
		{1030AB44-5D82-40B2-93FB-4373450D03B8}.Debug|x64.Build.0 = Debug|Any CPU
		{1030AB44-5D82-40B2-93FB-4373450D03B8}.Debug|x86.ActiveCfg = Debug|Any CPU
		{1030AB44-5D82-40B2-93FB-4373450D03B8}.Debug|x86.Build.0 = Debug|Any CPU
		{1030AB44-5D82-40B2-93FB-4373450D03B8}.Release|Any CPU.ActiveCfg = Release|Any CPU
		{1030AB44-5D82-40B2-93FB-4373450D03B8}.Release|Any CPU.Build.0 = Release|Any CPU
		{1030AB44-5D82-40B2-93FB-4373450D03B8}.Release|x64.ActiveCfg = Release|Any CPU
		{1030AB44-5D82-40B2-93FB-4373450D03B8}.Release|x64.Build.0 = Release|Any CPU
		{1030AB44-5D82-40B2-93FB-4373450D03B8}.Release|x86.ActiveCfg = Release|Any CPU
		{1030AB44-5D82-40B2-93FB-4373450D03B8}.Release|x86.Build.0 = Release|Any CPU
		{FA57F754-0E26-41EF-A57D-0534FB8E3812}.Debug|Any CPU.ActiveCfg = Debug|Any CPU
		{FA57F754-0E26-41EF-A57D-0534FB8E3812}.Debug|Any CPU.Build.0 = Debug|Any CPU
		{FA57F754-0E26-41EF-A57D-0534FB8E3812}.Debug|x64.ActiveCfg = Debug|Any CPU
		{FA57F754-0E26-41EF-A57D-0534FB8E3812}.Debug|x64.Build.0 = Debug|Any CPU
		{FA57F754-0E26-41EF-A57D-0534FB8E3812}.Debug|x86.ActiveCfg = Debug|Any CPU
		{FA57F754-0E26-41EF-A57D-0534FB8E3812}.Debug|x86.Build.0 = Debug|Any CPU
		{FA57F754-0E26-41EF-A57D-0534FB8E3812}.Release|Any CPU.ActiveCfg = Release|Any CPU
		{FA57F754-0E26-41EF-A57D-0534FB8E3812}.Release|Any CPU.Build.0 = Release|Any CPU
		{FA57F754-0E26-41EF-A57D-0534FB8E3812}.Release|x64.ActiveCfg = Release|Any CPU
		{FA57F754-0E26-41EF-A57D-0534FB8E3812}.Release|x64.Build.0 = Release|Any CPU
		{FA57F754-0E26-41EF-A57D-0534FB8E3812}.Release|x86.ActiveCfg = Release|Any CPU
		{FA57F754-0E26-41EF-A57D-0534FB8E3812}.Release|x86.Build.0 = Release|Any CPU
		{B4025EA9-613D-404B-9992-4719CA3EE316}.Debug|Any CPU.ActiveCfg = Debug|Any CPU
		{B4025EA9-613D-404B-9992-4719CA3EE316}.Debug|Any CPU.Build.0 = Debug|Any CPU
		{B4025EA9-613D-404B-9992-4719CA3EE316}.Debug|x64.ActiveCfg = Debug|Any CPU
		{B4025EA9-613D-404B-9992-4719CA3EE316}.Debug|x64.Build.0 = Debug|Any CPU
		{B4025EA9-613D-404B-9992-4719CA3EE316}.Debug|x86.ActiveCfg = Debug|Any CPU
		{B4025EA9-613D-404B-9992-4719CA3EE316}.Debug|x86.Build.0 = Debug|Any CPU
		{B4025EA9-613D-404B-9992-4719CA3EE316}.Release|Any CPU.ActiveCfg = Release|Any CPU
		{B4025EA9-613D-404B-9992-4719CA3EE316}.Release|Any CPU.Build.0 = Release|Any CPU
		{B4025EA9-613D-404B-9992-4719CA3EE316}.Release|x64.ActiveCfg = Release|Any CPU
		{B4025EA9-613D-404B-9992-4719CA3EE316}.Release|x64.Build.0 = Release|Any CPU
		{B4025EA9-613D-404B-9992-4719CA3EE316}.Release|x86.ActiveCfg = Release|Any CPU
		{B4025EA9-613D-404B-9992-4719CA3EE316}.Release|x86.Build.0 = Release|Any CPU
		{BF8ED4BA-F595-413E-B1FA-FDC9B7F1C3EA}.Debug|Any CPU.ActiveCfg = Debug|Any CPU
		{BF8ED4BA-F595-413E-B1FA-FDC9B7F1C3EA}.Debug|Any CPU.Build.0 = Debug|Any CPU
		{BF8ED4BA-F595-413E-B1FA-FDC9B7F1C3EA}.Debug|x64.ActiveCfg = Debug|Any CPU
		{BF8ED4BA-F595-413E-B1FA-FDC9B7F1C3EA}.Debug|x64.Build.0 = Debug|Any CPU
		{BF8ED4BA-F595-413E-B1FA-FDC9B7F1C3EA}.Debug|x86.ActiveCfg = Debug|Any CPU
		{BF8ED4BA-F595-413E-B1FA-FDC9B7F1C3EA}.Debug|x86.Build.0 = Debug|Any CPU
		{BF8ED4BA-F595-413E-B1FA-FDC9B7F1C3EA}.Release|Any CPU.ActiveCfg = Release|Any CPU
		{BF8ED4BA-F595-413E-B1FA-FDC9B7F1C3EA}.Release|Any CPU.Build.0 = Release|Any CPU
		{BF8ED4BA-F595-413E-B1FA-FDC9B7F1C3EA}.Release|x64.ActiveCfg = Release|Any CPU
		{BF8ED4BA-F595-413E-B1FA-FDC9B7F1C3EA}.Release|x64.Build.0 = Release|Any CPU
		{BF8ED4BA-F595-413E-B1FA-FDC9B7F1C3EA}.Release|x86.ActiveCfg = Release|Any CPU
		{BF8ED4BA-F595-413E-B1FA-FDC9B7F1C3EA}.Release|x86.Build.0 = Release|Any CPU
		{F97D55D8-A4FF-4DAA-AD64-70C0F1197AEA}.Debug|Any CPU.ActiveCfg = Debug|Any CPU
		{F97D55D8-A4FF-4DAA-AD64-70C0F1197AEA}.Debug|Any CPU.Build.0 = Debug|Any CPU
		{F97D55D8-A4FF-4DAA-AD64-70C0F1197AEA}.Debug|x64.ActiveCfg = Debug|Any CPU
		{F97D55D8-A4FF-4DAA-AD64-70C0F1197AEA}.Debug|x64.Build.0 = Debug|Any CPU
		{F97D55D8-A4FF-4DAA-AD64-70C0F1197AEA}.Debug|x86.ActiveCfg = Debug|Any CPU
		{F97D55D8-A4FF-4DAA-AD64-70C0F1197AEA}.Debug|x86.Build.0 = Debug|Any CPU
		{F97D55D8-A4FF-4DAA-AD64-70C0F1197AEA}.Release|Any CPU.ActiveCfg = Release|Any CPU
		{F97D55D8-A4FF-4DAA-AD64-70C0F1197AEA}.Release|Any CPU.Build.0 = Release|Any CPU
		{F97D55D8-A4FF-4DAA-AD64-70C0F1197AEA}.Release|x64.ActiveCfg = Release|Any CPU
		{F97D55D8-A4FF-4DAA-AD64-70C0F1197AEA}.Release|x64.Build.0 = Release|Any CPU
		{F97D55D8-A4FF-4DAA-AD64-70C0F1197AEA}.Release|x86.ActiveCfg = Release|Any CPU
		{F97D55D8-A4FF-4DAA-AD64-70C0F1197AEA}.Release|x86.Build.0 = Release|Any CPU
		{98C0DE4F-9C9E-4573-9955-99C8D873B615}.Debug|Any CPU.ActiveCfg = Debug|Any CPU
		{98C0DE4F-9C9E-4573-9955-99C8D873B615}.Debug|Any CPU.Build.0 = Debug|Any CPU
		{98C0DE4F-9C9E-4573-9955-99C8D873B615}.Debug|x64.ActiveCfg = Debug|Any CPU
		{98C0DE4F-9C9E-4573-9955-99C8D873B615}.Debug|x64.Build.0 = Debug|Any CPU
		{98C0DE4F-9C9E-4573-9955-99C8D873B615}.Debug|x86.ActiveCfg = Debug|Any CPU
		{98C0DE4F-9C9E-4573-9955-99C8D873B615}.Debug|x86.Build.0 = Debug|Any CPU
		{98C0DE4F-9C9E-4573-9955-99C8D873B615}.Release|Any CPU.ActiveCfg = Release|Any CPU
		{98C0DE4F-9C9E-4573-9955-99C8D873B615}.Release|Any CPU.Build.0 = Release|Any CPU
		{98C0DE4F-9C9E-4573-9955-99C8D873B615}.Release|x64.ActiveCfg = Release|Any CPU
		{98C0DE4F-9C9E-4573-9955-99C8D873B615}.Release|x64.Build.0 = Release|Any CPU
		{98C0DE4F-9C9E-4573-9955-99C8D873B615}.Release|x86.ActiveCfg = Release|Any CPU
		{98C0DE4F-9C9E-4573-9955-99C8D873B615}.Release|x86.Build.0 = Release|Any CPU
		{F2EABA57-114A-401A-B02C-D2BDBD29C6DB}.Debug|Any CPU.ActiveCfg = Debug|Any CPU
		{F2EABA57-114A-401A-B02C-D2BDBD29C6DB}.Debug|Any CPU.Build.0 = Debug|Any CPU
		{F2EABA57-114A-401A-B02C-D2BDBD29C6DB}.Debug|x64.ActiveCfg = Debug|Any CPU
		{F2EABA57-114A-401A-B02C-D2BDBD29C6DB}.Debug|x64.Build.0 = Debug|Any CPU
		{F2EABA57-114A-401A-B02C-D2BDBD29C6DB}.Debug|x86.ActiveCfg = Debug|Any CPU
		{F2EABA57-114A-401A-B02C-D2BDBD29C6DB}.Debug|x86.Build.0 = Debug|Any CPU
		{F2EABA57-114A-401A-B02C-D2BDBD29C6DB}.Release|Any CPU.ActiveCfg = Release|Any CPU
		{F2EABA57-114A-401A-B02C-D2BDBD29C6DB}.Release|Any CPU.Build.0 = Release|Any CPU
		{F2EABA57-114A-401A-B02C-D2BDBD29C6DB}.Release|x64.ActiveCfg = Release|Any CPU
		{F2EABA57-114A-401A-B02C-D2BDBD29C6DB}.Release|x64.Build.0 = Release|Any CPU
		{F2EABA57-114A-401A-B02C-D2BDBD29C6DB}.Release|x86.ActiveCfg = Release|Any CPU
		{F2EABA57-114A-401A-B02C-D2BDBD29C6DB}.Release|x86.Build.0 = Release|Any CPU
		{1501FF10-49C9-4256-BB5D-203C5FA52501}.Debug|Any CPU.ActiveCfg = Debug|Any CPU
		{1501FF10-49C9-4256-BB5D-203C5FA52501}.Debug|Any CPU.Build.0 = Debug|Any CPU
		{1501FF10-49C9-4256-BB5D-203C5FA52501}.Debug|x64.ActiveCfg = Debug|Any CPU
		{1501FF10-49C9-4256-BB5D-203C5FA52501}.Debug|x64.Build.0 = Debug|Any CPU
		{1501FF10-49C9-4256-BB5D-203C5FA52501}.Debug|x86.ActiveCfg = Debug|Any CPU
		{1501FF10-49C9-4256-BB5D-203C5FA52501}.Debug|x86.Build.0 = Debug|Any CPU
		{1501FF10-49C9-4256-BB5D-203C5FA52501}.Release|Any CPU.ActiveCfg = Release|Any CPU
		{1501FF10-49C9-4256-BB5D-203C5FA52501}.Release|Any CPU.Build.0 = Release|Any CPU
		{1501FF10-49C9-4256-BB5D-203C5FA52501}.Release|x64.ActiveCfg = Release|Any CPU
		{1501FF10-49C9-4256-BB5D-203C5FA52501}.Release|x64.Build.0 = Release|Any CPU
		{1501FF10-49C9-4256-BB5D-203C5FA52501}.Release|x86.ActiveCfg = Release|Any CPU
		{1501FF10-49C9-4256-BB5D-203C5FA52501}.Release|x86.Build.0 = Release|Any CPU
		{B3CD2C47-240E-4732-8582-7C9E2DFFAB98}.Debug|Any CPU.ActiveCfg = Debug|Any CPU
		{B3CD2C47-240E-4732-8582-7C9E2DFFAB98}.Debug|Any CPU.Build.0 = Debug|Any CPU
		{B3CD2C47-240E-4732-8582-7C9E2DFFAB98}.Debug|x64.ActiveCfg = Debug|Any CPU
		{B3CD2C47-240E-4732-8582-7C9E2DFFAB98}.Debug|x64.Build.0 = Debug|Any CPU
		{B3CD2C47-240E-4732-8582-7C9E2DFFAB98}.Debug|x86.ActiveCfg = Debug|Any CPU
		{B3CD2C47-240E-4732-8582-7C9E2DFFAB98}.Debug|x86.Build.0 = Debug|Any CPU
		{B3CD2C47-240E-4732-8582-7C9E2DFFAB98}.Release|Any CPU.ActiveCfg = Release|Any CPU
		{B3CD2C47-240E-4732-8582-7C9E2DFFAB98}.Release|Any CPU.Build.0 = Release|Any CPU
		{B3CD2C47-240E-4732-8582-7C9E2DFFAB98}.Release|x64.ActiveCfg = Release|Any CPU
		{B3CD2C47-240E-4732-8582-7C9E2DFFAB98}.Release|x64.Build.0 = Release|Any CPU
		{B3CD2C47-240E-4732-8582-7C9E2DFFAB98}.Release|x86.ActiveCfg = Release|Any CPU
		{B3CD2C47-240E-4732-8582-7C9E2DFFAB98}.Release|x86.Build.0 = Release|Any CPU
		{07904782-2B1E-49B6-BC6C-80D031F6C066}.Debug|Any CPU.ActiveCfg = Debug|Any CPU
		{07904782-2B1E-49B6-BC6C-80D031F6C066}.Debug|Any CPU.Build.0 = Debug|Any CPU
		{07904782-2B1E-49B6-BC6C-80D031F6C066}.Debug|x64.ActiveCfg = Debug|Any CPU
		{07904782-2B1E-49B6-BC6C-80D031F6C066}.Debug|x64.Build.0 = Debug|Any CPU
		{07904782-2B1E-49B6-BC6C-80D031F6C066}.Debug|x86.ActiveCfg = Debug|Any CPU
		{07904782-2B1E-49B6-BC6C-80D031F6C066}.Debug|x86.Build.0 = Debug|Any CPU
		{07904782-2B1E-49B6-BC6C-80D031F6C066}.Release|Any CPU.ActiveCfg = Release|Any CPU
		{07904782-2B1E-49B6-BC6C-80D031F6C066}.Release|Any CPU.Build.0 = Release|Any CPU
		{07904782-2B1E-49B6-BC6C-80D031F6C066}.Release|x64.ActiveCfg = Release|Any CPU
		{07904782-2B1E-49B6-BC6C-80D031F6C066}.Release|x64.Build.0 = Release|Any CPU
		{07904782-2B1E-49B6-BC6C-80D031F6C066}.Release|x86.ActiveCfg = Release|Any CPU
		{07904782-2B1E-49B6-BC6C-80D031F6C066}.Release|x86.Build.0 = Release|Any CPU
		{8FBFCC12-7668-4575-8D36-B8A5F775521D}.Debug|Any CPU.ActiveCfg = Debug|Any CPU
		{8FBFCC12-7668-4575-8D36-B8A5F775521D}.Debug|Any CPU.Build.0 = Debug|Any CPU
		{8FBFCC12-7668-4575-8D36-B8A5F775521D}.Debug|x64.ActiveCfg = Debug|Any CPU
		{8FBFCC12-7668-4575-8D36-B8A5F775521D}.Debug|x64.Build.0 = Debug|Any CPU
		{8FBFCC12-7668-4575-8D36-B8A5F775521D}.Debug|x86.ActiveCfg = Debug|Any CPU
		{8FBFCC12-7668-4575-8D36-B8A5F775521D}.Debug|x86.Build.0 = Debug|Any CPU
		{8FBFCC12-7668-4575-8D36-B8A5F775521D}.Release|Any CPU.ActiveCfg = Release|Any CPU
		{8FBFCC12-7668-4575-8D36-B8A5F775521D}.Release|Any CPU.Build.0 = Release|Any CPU
		{8FBFCC12-7668-4575-8D36-B8A5F775521D}.Release|x64.ActiveCfg = Release|Any CPU
		{8FBFCC12-7668-4575-8D36-B8A5F775521D}.Release|x64.Build.0 = Release|Any CPU
		{8FBFCC12-7668-4575-8D36-B8A5F775521D}.Release|x86.ActiveCfg = Release|Any CPU
		{8FBFCC12-7668-4575-8D36-B8A5F775521D}.Release|x86.Build.0 = Release|Any CPU
		{477774B8-E254-4006-AF78-C1C7C80D8D74}.Debug|Any CPU.ActiveCfg = Debug|Any CPU
		{477774B8-E254-4006-AF78-C1C7C80D8D74}.Debug|Any CPU.Build.0 = Debug|Any CPU
		{477774B8-E254-4006-AF78-C1C7C80D8D74}.Debug|x64.ActiveCfg = Debug|Any CPU
		{477774B8-E254-4006-AF78-C1C7C80D8D74}.Debug|x64.Build.0 = Debug|Any CPU
		{477774B8-E254-4006-AF78-C1C7C80D8D74}.Debug|x86.ActiveCfg = Debug|Any CPU
		{477774B8-E254-4006-AF78-C1C7C80D8D74}.Debug|x86.Build.0 = Debug|Any CPU
		{477774B8-E254-4006-AF78-C1C7C80D8D74}.Release|Any CPU.ActiveCfg = Release|Any CPU
		{477774B8-E254-4006-AF78-C1C7C80D8D74}.Release|Any CPU.Build.0 = Release|Any CPU
		{477774B8-E254-4006-AF78-C1C7C80D8D74}.Release|x64.ActiveCfg = Release|Any CPU
		{477774B8-E254-4006-AF78-C1C7C80D8D74}.Release|x64.Build.0 = Release|Any CPU
		{477774B8-E254-4006-AF78-C1C7C80D8D74}.Release|x86.ActiveCfg = Release|Any CPU
		{477774B8-E254-4006-AF78-C1C7C80D8D74}.Release|x86.Build.0 = Release|Any CPU
		{B1E2FE40-C5C3-471D-8859-3101BDBE69DC}.Debug|Any CPU.ActiveCfg = Debug|Any CPU
		{B1E2FE40-C5C3-471D-8859-3101BDBE69DC}.Debug|Any CPU.Build.0 = Debug|Any CPU
		{B1E2FE40-C5C3-471D-8859-3101BDBE69DC}.Debug|x64.ActiveCfg = Debug|Any CPU
		{B1E2FE40-C5C3-471D-8859-3101BDBE69DC}.Debug|x64.Build.0 = Debug|Any CPU
		{B1E2FE40-C5C3-471D-8859-3101BDBE69DC}.Debug|x86.ActiveCfg = Debug|Any CPU
		{B1E2FE40-C5C3-471D-8859-3101BDBE69DC}.Debug|x86.Build.0 = Debug|Any CPU
		{B1E2FE40-C5C3-471D-8859-3101BDBE69DC}.Release|Any CPU.ActiveCfg = Release|Any CPU
		{B1E2FE40-C5C3-471D-8859-3101BDBE69DC}.Release|Any CPU.Build.0 = Release|Any CPU
		{B1E2FE40-C5C3-471D-8859-3101BDBE69DC}.Release|x64.ActiveCfg = Release|Any CPU
		{B1E2FE40-C5C3-471D-8859-3101BDBE69DC}.Release|x64.Build.0 = Release|Any CPU
		{B1E2FE40-C5C3-471D-8859-3101BDBE69DC}.Release|x86.ActiveCfg = Release|Any CPU
		{B1E2FE40-C5C3-471D-8859-3101BDBE69DC}.Release|x86.Build.0 = Release|Any CPU
	EndGlobalSection
	GlobalSection(SolutionProperties) = preSolution
		HideSolutionNode = FALSE
	EndGlobalSection
	GlobalSection(NestedProjects) = preSolution
		{81034408-37C8-1011-444E-4C15C2FADA8E} = {827E0CD3-B72D-47B6-A68D-7590B98EB39B}
		{0C5EAE1D-7FBB-4D97-B010-BFB3BE86E80E} = {81034408-37C8-1011-444E-4C15C2FADA8E}
		{22BAF98C-8415-17C4-B26A-D537657BC863} = {827E0CD3-B72D-47B6-A68D-7590B98EB39B}
		{991ACB28-4B12-4EB2-BC4E-E29E17905FE0} = {22BAF98C-8415-17C4-B26A-D537657BC863}
		{8B290487-4C16-E85E-E807-F579CBE9FC4D} = {827E0CD3-B72D-47B6-A68D-7590B98EB39B}
		{F9A4B936-11D1-44F2-9F5D-32862EDE7D81} = {8B290487-4C16-E85E-E807-F579CBE9FC4D}
		{1B29F126-501C-FE51-A6D0-D5FF3F5B6B88} = {827E0CD3-B72D-47B6-A68D-7590B98EB39B}
		{1030AB44-5D82-40B2-93FB-4373450D03B8} = {1B29F126-501C-FE51-A6D0-D5FF3F5B6B88}
		{DBA10932-2823-8A01-039E-7E6F9102AF4A} = {827E0CD3-B72D-47B6-A68D-7590B98EB39B}
		{FA57F754-0E26-41EF-A57D-0534FB8E3812} = {DBA10932-2823-8A01-039E-7E6F9102AF4A}
		{FA4F51A9-EB4F-E1CB-A409-D9033824FD90} = {827E0CD3-B72D-47B6-A68D-7590B98EB39B}
		{B4025EA9-613D-404B-9992-4719CA3EE316} = {FA4F51A9-EB4F-E1CB-A409-D9033824FD90}
		{E5667835-88F2-81C9-89B8-F4D8A5E9FB12} = {827E0CD3-B72D-47B6-A68D-7590B98EB39B}
		{BF8ED4BA-F595-413E-B1FA-FDC9B7F1C3EA} = {E5667835-88F2-81C9-89B8-F4D8A5E9FB12}
		{F97D55D8-A4FF-4DAA-AD64-70C0F1197AEA} = {0AB3BF05-4346-4AA6-1389-037BE0695223}
		{98C0DE4F-9C9E-4573-9955-99C8D873B615} = {0AB3BF05-4346-4AA6-1389-037BE0695223}
		{768E0702-8F95-B5A3-6D40-2D08A8E1CCFF} = {827E0CD3-B72D-47B6-A68D-7590B98EB39B}
		{F2EABA57-114A-401A-B02C-D2BDBD29C6DB} = {768E0702-8F95-B5A3-6D40-2D08A8E1CCFF}
		{1501FF10-49C9-4256-BB5D-203C5FA52501} = {0AB3BF05-4346-4AA6-1389-037BE0695223}
		{B3CD2C47-240E-4732-8582-7C9E2DFFAB98} = {0AB3BF05-4346-4AA6-1389-037BE0695223}
		{07904782-2B1E-49B6-BC6C-80D031F6C066} = {0AB3BF05-4346-4AA6-1389-037BE0695223}
		{8FBFCC12-7668-4575-8D36-B8A5F775521D} = {0AB3BF05-4346-4AA6-1389-037BE0695223}
		{477774B8-E254-4006-AF78-C1C7C80D8D74} = {827E0CD3-B72D-47B6-A68D-7590B98EB39B}
		{B1E2FE40-C5C3-471D-8859-3101BDBE69DC} = {0AB3BF05-4346-4AA6-1389-037BE0695223}
	EndGlobalSection
EndGlobal
