
Microsoft Visual Studio Solution File, Format Version 12.00
# Visual Studio Version 17
VisualStudioVersion = 17.0.31903.59
MinimumVisualStudioVersion = 10.0.40219.1
Project("{2150E333-8FDC-42A3-9474-1A3956D46DE8}") = "src", "src", "{827E0CD3-B72D-47B6-A68D-7590B98EB39B}"
EndProject
Project("{FAE04EC0-301F-11D3-BF4B-00C04F79EFBC}") = "Domain", "src\Domain\Domain.csproj", "{7B8DF26B-3B04-4D8F-939A-500D781E270D}"
EndProject
Project("{FAE04EC0-301F-11D3-BF4B-00C04F79EFBC}") = "Application", "src\Application\Application.csproj", "{27FD071A-304E-4293-A821-0329CE0BC35B}"
EndProject
Project("{FAE04EC0-301F-11D3-BF4B-00C04F79EFBC}") = "Api", "src\Api\Api.csproj", "{A9198AEF-7B0E-4B4A-8286-8865DEB74035}"
EndProject
Project("{2150E333-8FDC-42A3-9474-1A3956D46DE8}") = "Infrastructure", "Infrastructure", "{9048EB7F-3875-A59E-E36B-5BD4C6F2A282}"
EndProject
Project("{FAE04EC0-301F-11D3-BF4B-00C04F79EFBC}") = "Infrastructure.Postgres", "src\Infrastructure\Postgres\Infrastructure.Postgres.csproj", "{5795F005-128B-4C54-99D7-E66C1547C16C}"
EndProject
Project("{FAE04EC0-301F-11D3-BF4B-00C04F79EFBC}") = "Infrastructure.Redis", "src\Infrastructure\Redis\Infrastructure.Redis.csproj", "{BCF2E996-EF6B-493C-B2CF-BC8891A931EF}"
EndProject
Project("{FAE04EC0-301F-11D3-BF4B-00C04F79EFBC}") = "Infrastructure.RabbitMq", "src\Infrastructure\RabbitMq\Infrastructure.RabbitMq.csproj", "{A2BC4163-7F75-4AA8-BB28-1C9A503AD8E0}"
EndProject
Project("{FAE04EC0-301F-11D3-BF4B-00C04F79EFBC}") = "Infrastructure.Auth", "src\Infrastructure\Auth\Infrastructure.Auth.csproj", "{0223E115-F150-44CC-A333-A11939E1DB49}"
EndProject
Global
	GlobalSection(SolutionConfigurationPlatforms) = preSolution
		Debug|Any CPU = Debug|Any CPU
		Debug|x64 = Debug|x64
		Debug|x86 = Debug|x86
		Release|Any CPU = Release|Any CPU
		Release|x64 = Release|x64
		Release|x86 = Release|x86
	EndGlobalSection
	GlobalSection(ProjectConfigurationPlatforms) = postSolution
		{7B8DF26B-3B04-4D8F-939A-500D781E270D}.Debug|Any CPU.ActiveCfg = Debug|Any CPU
		{7B8DF26B-3B04-4D8F-939A-500D781E270D}.Debug|Any CPU.Build.0 = Debug|Any CPU
		{7B8DF26B-3B04-4D8F-939A-500D781E270D}.Debug|x64.ActiveCfg = Debug|Any CPU
		{7B8DF26B-3B04-4D8F-939A-500D781E270D}.Debug|x64.Build.0 = Debug|Any CPU
		{7B8DF26B-3B04-4D8F-939A-500D781E270D}.Debug|x86.ActiveCfg = Debug|Any CPU
		{7B8DF26B-3B04-4D8F-939A-500D781E270D}.Debug|x86.Build.0 = Debug|Any CPU
		{7B8DF26B-3B04-4D8F-939A-500D781E270D}.Release|Any CPU.ActiveCfg = Release|Any CPU
		{7B8DF26B-3B04-4D8F-939A-500D781E270D}.Release|Any CPU.Build.0 = Release|Any CPU
		{7B8DF26B-3B04-4D8F-939A-500D781E270D}.Release|x64.ActiveCfg = Release|Any CPU
		{7B8DF26B-3B04-4D8F-939A-500D781E270D}.Release|x64.Build.0 = Release|Any CPU
		{7B8DF26B-3B04-4D8F-939A-500D781E270D}.Release|x86.ActiveCfg = Release|Any CPU
		{7B8DF26B-3B04-4D8F-939A-500D781E270D}.Release|x86.Build.0 = Release|Any CPU
		{27FD071A-304E-4293-A821-0329CE0BC35B}.Debug|Any CPU.ActiveCfg = Debug|Any CPU
		{27FD071A-304E-4293-A821-0329CE0BC35B}.Debug|Any CPU.Build.0 = Debug|Any CPU
		{27FD071A-304E-4293-A821-0329CE0BC35B}.Debug|x64.ActiveCfg = Debug|Any CPU
		{27FD071A-304E-4293-A821-0329CE0BC35B}.Debug|x64.Build.0 = Debug|Any CPU
		{27FD071A-304E-4293-A821-0329CE0BC35B}.Debug|x86.ActiveCfg = Debug|Any CPU
		{27FD071A-304E-4293-A821-0329CE0BC35B}.Debug|x86.Build.0 = Debug|Any CPU
		{27FD071A-304E-4293-A821-0329CE0BC35B}.Release|Any CPU.ActiveCfg = Release|Any CPU
		{27FD071A-304E-4293-A821-0329CE0BC35B}.Release|Any CPU.Build.0 = Release|Any CPU
		{27FD071A-304E-4293-A821-0329CE0BC35B}.Release|x64.ActiveCfg = Release|Any CPU
		{27FD071A-304E-4293-A821-0329CE0BC35B}.Release|x64.Build.0 = Release|Any CPU
		{27FD071A-304E-4293-A821-0329CE0BC35B}.Release|x86.ActiveCfg = Release|Any CPU
		{27FD071A-304E-4293-A821-0329CE0BC35B}.Release|x86.Build.0 = Release|Any CPU
		{A9198AEF-7B0E-4B4A-8286-8865DEB74035}.Debug|Any CPU.ActiveCfg = Debug|Any CPU
		{A9198AEF-7B0E-4B4A-8286-8865DEB74035}.Debug|Any CPU.Build.0 = Debug|Any CPU
		{A9198AEF-7B0E-4B4A-8286-8865DEB74035}.Debug|x64.ActiveCfg = Debug|Any CPU
		{A9198AEF-7B0E-4B4A-8286-8865DEB74035}.Debug|x64.Build.0 = Debug|Any CPU
		{A9198AEF-7B0E-4B4A-8286-8865DEB74035}.Debug|x86.ActiveCfg = Debug|Any CPU
		{A9198AEF-7B0E-4B4A-8286-8865DEB74035}.Debug|x86.Build.0 = Debug|Any CPU
		{A9198AEF-7B0E-4B4A-8286-8865DEB74035}.Release|Any CPU.ActiveCfg = Release|Any CPU
		{A9198AEF-7B0E-4B4A-8286-8865DEB74035}.Release|Any CPU.Build.0 = Release|Any CPU
		{A9198AEF-7B0E-4B4A-8286-8865DEB74035}.Release|x64.ActiveCfg = Release|Any CPU
		{A9198AEF-7B0E-4B4A-8286-8865DEB74035}.Release|x64.Build.0 = Release|Any CPU
		{A9198AEF-7B0E-4B4A-8286-8865DEB74035}.Release|x86.ActiveCfg = Release|Any CPU
		{A9198AEF-7B0E-4B4A-8286-8865DEB74035}.Release|x86.Build.0 = Release|Any CPU
		{5795F005-128B-4C54-99D7-E66C1547C16C}.Debug|Any CPU.ActiveCfg = Debug|Any CPU
		{5795F005-128B-4C54-99D7-E66C1547C16C}.Debug|Any CPU.Build.0 = Debug|Any CPU
		{5795F005-128B-4C54-99D7-E66C1547C16C}.Debug|x64.ActiveCfg = Debug|Any CPU
		{5795F005-128B-4C54-99D7-E66C1547C16C}.Debug|x64.Build.0 = Debug|Any CPU
		{5795F005-128B-4C54-99D7-E66C1547C16C}.Debug|x86.ActiveCfg = Debug|Any CPU
		{5795F005-128B-4C54-99D7-E66C1547C16C}.Debug|x86.Build.0 = Debug|Any CPU
		{5795F005-128B-4C54-99D7-E66C1547C16C}.Release|Any CPU.ActiveCfg = Release|Any CPU
		{5795F005-128B-4C54-99D7-E66C1547C16C}.Release|Any CPU.Build.0 = Release|Any CPU
		{5795F005-128B-4C54-99D7-E66C1547C16C}.Release|x64.ActiveCfg = Release|Any CPU
		{5795F005-128B-4C54-99D7-E66C1547C16C}.Release|x64.Build.0 = Release|Any CPU
		{5795F005-128B-4C54-99D7-E66C1547C16C}.Release|x86.ActiveCfg = Release|Any CPU
		{5795F005-128B-4C54-99D7-E66C1547C16C}.Release|x86.Build.0 = Release|Any CPU
		{BCF2E996-EF6B-493C-B2CF-BC8891A931EF}.Debug|Any CPU.ActiveCfg = Debug|Any CPU
		{BCF2E996-EF6B-493C-B2CF-BC8891A931EF}.Debug|Any CPU.Build.0 = Debug|Any CPU
		{BCF2E996-EF6B-493C-B2CF-BC8891A931EF}.Debug|x64.ActiveCfg = Debug|Any CPU
		{BCF2E996-EF6B-493C-B2CF-BC8891A931EF}.Debug|x64.Build.0 = Debug|Any CPU
		{BCF2E996-EF6B-493C-B2CF-BC8891A931EF}.Debug|x86.ActiveCfg = Debug|Any CPU
		{BCF2E996-EF6B-493C-B2CF-BC8891A931EF}.Debug|x86.Build.0 = Debug|Any CPU
		{BCF2E996-EF6B-493C-B2CF-BC8891A931EF}.Release|Any CPU.ActiveCfg = Release|Any CPU
		{BCF2E996-EF6B-493C-B2CF-BC8891A931EF}.Release|Any CPU.Build.0 = Release|Any CPU
		{BCF2E996-EF6B-493C-B2CF-BC8891A931EF}.Release|x64.ActiveCfg = Release|Any CPU
		{BCF2E996-EF6B-493C-B2CF-BC8891A931EF}.Release|x64.Build.0 = Release|Any CPU
		{BCF2E996-EF6B-493C-B2CF-BC8891A931EF}.Release|x86.ActiveCfg = Release|Any CPU
		{BCF2E996-EF6B-493C-B2CF-BC8891A931EF}.Release|x86.Build.0 = Release|Any CPU
		{A2BC4163-7F75-4AA8-BB28-1C9A503AD8E0}.Debug|Any CPU.ActiveCfg = Debug|Any CPU
		{A2BC4163-7F75-4AA8-BB28-1C9A503AD8E0}.Debug|Any CPU.Build.0 = Debug|Any CPU
		{A2BC4163-7F75-4AA8-BB28-1C9A503AD8E0}.Debug|x64.ActiveCfg = Debug|Any CPU
		{A2BC4163-7F75-4AA8-BB28-1C9A503AD8E0}.Debug|x64.Build.0 = Debug|Any CPU
		{A2BC4163-7F75-4AA8-BB28-1C9A503AD8E0}.Debug|x86.ActiveCfg = Debug|Any CPU
		{A2BC4163-7F75-4AA8-BB28-1C9A503AD8E0}.Debug|x86.Build.0 = Debug|Any CPU
		{A2BC4163-7F75-4AA8-BB28-1C9A503AD8E0}.Release|Any CPU.ActiveCfg = Release|Any CPU
		{A2BC4163-7F75-4AA8-BB28-1C9A503AD8E0}.Release|Any CPU.Build.0 = Release|Any CPU
		{A2BC4163-7F75-4AA8-BB28-1C9A503AD8E0}.Release|x64.ActiveCfg = Release|Any CPU
		{A2BC4163-7F75-4AA8-BB28-1C9A503AD8E0}.Release|x64.Build.0 = Release|Any CPU
		{A2BC4163-7F75-4AA8-BB28-1C9A503AD8E0}.Release|x86.ActiveCfg = Release|Any CPU
		{A2BC4163-7F75-4AA8-BB28-1C9A503AD8E0}.Release|x86.Build.0 = Release|Any CPU
		{0223E115-F150-44CC-A333-A11939E1DB49}.Debug|Any CPU.ActiveCfg = Debug|Any CPU
		{0223E115-F150-44CC-A333-A11939E1DB49}.Debug|Any CPU.Build.0 = Debug|Any CPU
		{0223E115-F150-44CC-A333-A11939E1DB49}.Debug|x64.ActiveCfg = Debug|Any CPU
		{0223E115-F150-44CC-A333-A11939E1DB49}.Debug|x64.Build.0 = Debug|Any CPU
		{0223E115-F150-44CC-A333-A11939E1DB49}.Debug|x86.ActiveCfg = Debug|Any CPU
		{0223E115-F150-44CC-A333-A11939E1DB49}.Debug|x86.Build.0 = Debug|Any CPU
		{0223E115-F150-44CC-A333-A11939E1DB49}.Release|Any CPU.ActiveCfg = Release|Any CPU
		{0223E115-F150-44CC-A333-A11939E1DB49}.Release|Any CPU.Build.0 = Release|Any CPU
		{0223E115-F150-44CC-A333-A11939E1DB49}.Release|x64.ActiveCfg = Release|Any CPU
		{0223E115-F150-44CC-A333-A11939E1DB49}.Release|x64.Build.0 = Release|Any CPU
		{0223E115-F150-44CC-A333-A11939E1DB49}.Release|x86.ActiveCfg = Release|Any CPU
		{0223E115-F150-44CC-A333-A11939E1DB49}.Release|x86.Build.0 = Release|Any CPU
	EndGlobalSection
	GlobalSection(SolutionProperties) = preSolution
		HideSolutionNode = FALSE
	EndGlobalSection
	GlobalSection(NestedProjects) = preSolution
		{7B8DF26B-3B04-4D8F-939A-500D781E270D} = {827E0CD3-B72D-47B6-A68D-7590B98EB39B}
		{27FD071A-304E-4293-A821-0329CE0BC35B} = {827E0CD3-B72D-47B6-A68D-7590B98EB39B}
		{A9198AEF-7B0E-4B4A-8286-8865DEB74035} = {827E0CD3-B72D-47B6-A68D-7590B98EB39B}
		{5795F005-128B-4C54-99D7-E66C1547C16C} = {9048EB7F-3875-A59E-E36B-5BD4C6F2A282}
		{BCF2E996-EF6B-493C-B2CF-BC8891A931EF} = {9048EB7F-3875-A59E-E36B-5BD4C6F2A282}
		{A2BC4163-7F75-4AA8-BB28-1C9A503AD8E0} = {9048EB7F-3875-A59E-E36B-5BD4C6F2A282}
		{0223E115-F150-44CC-A333-A11939E1DB49} = {9048EB7F-3875-A59E-E36B-5BD4C6F2A282}
	EndGlobalSection
EndGlobal
